dependencies:
- name: ingress-nginx
  repository: https://kubernetes.github.io/ingress-nginx
  version: 4.13.2
- name: cert-manager
  repository: https://charts.jetstack.io
  version: v1.15.1
digest: sha256:ea711d9b6456e565c20f7e044706b675e28da884723aa8a07a75e859c6daa968
generated: "2025-11-02T21:03:51.010811+02:00"
